Microsoft Visual Studio Solution File, Format Version 12.00
# Visual Studio Version 17
VisualStudioVersion = 17.0.31903.59
MinimumVisualStudioVersion = 10.0.40219.1
Project("{2150E333-8FDC-42A3-9474-1A3956D46DE8}") = "src", "src", "{A09FD86F-4832-467D-96BD-74DDD5066B2E}"
	ProjectSection(SolutionItems) = preProject
		src\Directory.Build.props = src\Directory.Build.props
	EndProjectSection
EndProject
Project("{2150E333-8FDC-42A3-9474-1A3956D46DE8}") = "test", "test", "{1C8F1D9A-608B-4F46-8A59-3CF48AA4AF9D}"
	ProjectSection(SolutionItems) = preProject
		test\Directory.Build.props = test\Directory.Build.props
	EndProjectSection
EndProject
Project("{FAE04EC0-301F-11D3-BF4B-00C04F79EFBC}") = "MinimalKafka", "src\MinimalKafka\MinimalKafka.csproj", "{AD3D9E12-10F9-463D-A918-DDCF6286409E}"
EndProject
Project("{FAE04EC0-301F-11D3-BF4B-00C04F79EFBC}") = "MinimalKafka.Tests", "test\MinimalKafka.Tests\MinimalKafka.Tests.csproj", "{C58EB934-4DB2-4572-AEAE-9329057A94A7}"
EndProject
Project("{2150E333-8FDC-42A3-9474-1A3956D46DE8}") = "examples", "examples", "{FF927BA2-E4C3-4D02-ACD4-251E68C149E4}"
EndProject
Project("{FAE04EC0-301F-11D3-BF4B-00C04F79EFBC}") = "Examples", "examples\Examples\Examples.csproj", "{CC13EBD7-29C8-4619-8CCB-0D7DC0F8AD96}"
EndProject
Project("{2150E333-8FDC-42A3-9474-1A3956D46DE8}") = "Solution Items", "Solution Items", "{09B66B09-386D-4F15-B704-FA7AB04FBB7B}"
	ProjectSection(SolutionItems) = preProject
		.editorconfig = .editorconfig
		CODE_OF_CONDUCT.md = CODE_OF_CONDUCT.md
		CONTRIBUTING.md = CONTRIBUTING.md
		Directory.Packages.props = Directory.Packages.props
		docfx.json = docfx.json
		global.json = global.json
		index.md = index.md
		LICENSE.md = LICENSE.md
		nuget.config = nuget.config
		README.md = README.md
		toc.yml = toc.yml
	EndProjectSection
EndProject
Project("{2150E333-8FDC-42A3-9474-1A3956D46DE8}") = "docs", "docs", "{6E4099F2-3B7A-4E48-B779-EF13121A1430}"
	ProjectSection(SolutionItems) = preProject
		docs\getting-started.md = docs\getting-started.md
		docs\toc.yml = docs\toc.yml
	EndProjectSection
EndProject
Project("{FAE04EC0-301F-11D3-BF4B-00C04F79EFBC}") = "MinimalKafka.RocksDB", "src\MinimalKafka.RocksDB\MinimalKafka.RocksDB.csproj", "{73E4A183-B305-4450-AC5D-3CAD94FEFE0E}"
EndProject
Project("{FAE04EC0-301F-11D3-BF4B-00C04F79EFBC}") = "KafkaAdventure", "examples\KafkaAdventure\KafkaAdventure.csproj", "{36D263AF-C209-437D-9528-2DD7BF78B0D8}"
EndProject
Project("{FAE04EC0-301F-11D3-BF4B-00C04F79EFBC}") = "MinimalKafka.RocksDB.Tests", "test\MinimalKafka.RocksDB.Tests\MinimalKafka.RocksDB.Tests.csproj", "{AFF59BB3-8ECD-AC56-2421-5251AD2F50E1}"
EndProject
Global
	GlobalSection(SolutionConfigurationPlatforms) = preSolution
		Debug|Any CPU = Debug|Any CPU
		Release|Any CPU = Release|Any CPU
	EndGlobalSection
	GlobalSection(ProjectConfigurationPlatforms) = postSolution
		{AD3D9E12-10F9-463D-A918-DDCF6286409E}.Debug|Any CPU.ActiveCfg = Debug|Any CPU
		{AD3D9E12-10F9-463D-A918-DDCF6286409E}.Debug|Any CPU.Build.0 = Debug|Any CPU
		{AD3D9E12-10F9-463D-A918-DDCF6286409E}.Release|Any CPU.ActiveCfg = Release|Any CPU
		{AD3D9E12-10F9-463D-A918-DDCF6286409E}.Release|Any CPU.Build.0 = Release|Any CPU
		{C58EB934-4DB2-4572-AEAE-9329057A94A7}.Debug|Any CPU.ActiveCfg = Debug|Any CPU
		{C58EB934-4DB2-4572-AEAE-9329057A94A7}.Debug|Any CPU.Build.0 = Debug|Any CPU
		{C58EB934-4DB2-4572-AEAE-9329057A94A7}.Release|Any CPU.ActiveCfg = Release|Any CPU
		{C58EB934-4DB2-4572-AEAE-9329057A94A7}.Release|Any CPU.Build.0 = Release|Any CPU
		{CC13EBD7-29C8-4619-8CCB-0D7DC0F8AD96}.Debug|Any CPU.ActiveCfg = Debug|Any CPU
		{CC13EBD7-29C8-4619-8CCB-0D7DC0F8AD96}.Debug|Any CPU.Build.0 = Debug|Any CPU
		{CC13EBD7-29C8-4619-8CCB-0D7DC0F8AD96}.Release|Any CPU.ActiveCfg = Release|Any CPU
		{CC13EBD7-29C8-4619-8CCB-0D7DC0F8AD96}.Release|Any CPU.Build.0 = Release|Any CPU
		{73E4A183-B305-4450-AC5D-3CAD94FEFE0E}.Debug|Any CPU.ActiveCfg = Debug|Any CPU
		{73E4A183-B305-4450-AC5D-3CAD94FEFE0E}.Debug|Any CPU.Build.0 = Debug|Any CPU
		{73E4A183-B305-4450-AC5D-3CAD94FEFE0E}.Release|Any CPU.ActiveCfg = Release|Any CPU
		{73E4A183-B305-4450-AC5D-3CAD94FEFE0E}.Release|Any CPU.Build.0 = Release|Any CPU
		{36D263AF-C209-437D-9528-2DD7BF78B0D8}.Debug|Any CPU.ActiveCfg = Debug|Any CPU
		{36D263AF-C209-437D-9528-2DD7BF78B0D8}.Debug|Any CPU.Build.0 = Debug|Any CPU
		{36D263AF-C209-437D-9528-2DD7BF78B0D8}.Release|Any CPU.ActiveCfg = Release|Any CPU
		{36D263AF-C209-437D-9528-2DD7BF78B0D8}.Release|Any CPU.Build.0 = Release|Any CPU
		{AFF59BB3-8ECD-AC56-2421-5251AD2F50E1}.Debug|Any CPU.ActiveCfg = Debug|Any CPU
		{AFF59BB3-8ECD-AC56-2421-5251AD2F50E1}.Debug|Any CPU.Build.0 = Debug|Any CPU
		{AFF59BB3-8ECD-AC56-2421-5251AD2F50E1}.Release|Any CPU.ActiveCfg = Release|Any CPU
		{AFF59BB3-8ECD-AC56-2421-5251AD2F50E1}.Release|Any CPU.Build.0 = Release|Any CPU
	EndGlobalSection
	GlobalSection(SolutionProperties) = preSolution
		HideSolutionNode = FALSE
	EndGlobalSection
	GlobalSection(NestedProjects) = preSolution
		{AD3D9E12-10F9-463D-A918-DDCF6286409E} = {A09FD86F-4832-467D-96BD-74DDD5066B2E}
		{C58EB934-4DB2-4572-AEAE-9329057A94A7} = {1C8F1D9A-608B-4F46-8A59-3CF48AA4AF9D}
		{CC13EBD7-29C8-4619-8CCB-0D7DC0F8AD96} = {FF927BA2-E4C3-4D02-ACD4-251E68C149E4}
		{73E4A183-B305-4450-AC5D-3CAD94FEFE0E} = {A09FD86F-4832-467D-96BD-74DDD5066B2E}
		{36D263AF-C209-437D-9528-2DD7BF78B0D8} = {FF927BA2-E4C3-4D02-ACD4-251E68C149E4}
		{AFF59BB3-8ECD-AC56-2421-5251AD2F50E1} = {1C8F1D9A-608B-4F46-8A59-3CF48AA4AF9D}
	EndGlobalSection
	GlobalSection(ExtensibilityGlobals) = postSolution
		SolutionGuid = {E3EFB6EF-B785-4560-A9DB-E5BB7DADBFF4}
	EndGlobalSection
EndGlobal
