
Microsoft Visual Studio Solution File, Format Version 12.00
# Visual Studio Version 17
VisualStudioVersion = 17.7.34031.279
MinimumVisualStudioVersion = 10.0.40219.1
Project("{2150E333-8FDC-42A3-9474-1A3956D46DE8}") = "src", "src", "{0AFF0640-B51C-42DB-9077-9DBA4A16F02B}"
EndProject
Project("{2150E333-8FDC-42A3-9474-1A3956D46DE8}") = "test", "test", "{198A90A2-9A88-4382-9274-06BD39C9DC6D}"
EndProject
Project("{9A19103F-16F7-4668-BE54-9A1E7A4F7556}") = "MinimalKafka", "src\MinimalKafka\MinimalKafka.csproj", "{4FDF17D3-B5E7-4CC7-87C7-FC5CB40469CC}"
EndProject
Project("{9A19103F-16F7-4668-BE54-9A1E7A4F7556}") = "MinimalKafka.Tests", "test\MinimalKafka.Tests\MinimalKafka.Tests.csproj", "{010ED166-95E2-4338-AF23-9D334963F934}"
EndProject
Project("{2150E333-8FDC-42A3-9474-1A3956D46DE8}") = "Solution Items", "Solution Items", "{FF2E0638-7E83-4131-B9E2-881C231642AB}"
	ProjectSection(SolutionItems) = preProject
		.editorconfig = .editorconfig
	EndProjectSection
EndProject
Project("{2150E333-8FDC-42A3-9474-1A3956D46DE8}") = "examples", "examples", "{66334AFC-E5F0-4868-BA83-52677043C797}"
EndProject
Project("{FAE04EC0-301F-11D3-BF4B-00C04F79EFBC}") = "SimpleConsumer", "examples\SimpleConsumer\SimpleConsumer.csproj", "{0072888C-1E73-4438-8526-7E10F0BAA6F6}"
EndProject
Global
	GlobalSection(SolutionConfigurationPlatforms) = preSolution
		Debug|Any CPU = Debug|Any CPU
		Release|Any CPU = Release|Any CPU
	EndGlobalSection
	GlobalSection(ProjectConfigurationPlatforms) = postSolution
		{4FDF17D3-B5E7-4CC7-87C7-FC5CB40469CC}.Debug|Any CPU.ActiveCfg = Debug|Any CPU
		{4FDF17D3-B5E7-4CC7-87C7-FC5CB40469CC}.Debug|Any CPU.Build.0 = Debug|Any CPU
		{4FDF17D3-B5E7-4CC7-87C7-FC5CB40469CC}.Release|Any CPU.ActiveCfg = Release|Any CPU
		{4FDF17D3-B5E7-4CC7-87C7-FC5CB40469CC}.Release|Any CPU.Build.0 = Release|Any CPU
		{010ED166-95E2-4338-AF23-9D334963F934}.Debug|Any CPU.ActiveCfg = Debug|Any CPU
		{010ED166-95E2-4338-AF23-9D334963F934}.Debug|Any CPU.Build.0 = Debug|Any CPU
		{010ED166-95E2-4338-AF23-9D334963F934}.Release|Any CPU.ActiveCfg = Release|Any CPU
		{010ED166-95E2-4338-AF23-9D334963F934}.Release|Any CPU.Build.0 = Release|Any CPU
		{0072888C-1E73-4438-8526-7E10F0BAA6F6}.Debug|Any CPU.ActiveCfg = Debug|Any CPU
		{0072888C-1E73-4438-8526-7E10F0BAA6F6}.Debug|Any CPU.Build.0 = Debug|Any CPU
		{0072888C-1E73-4438-8526-7E10F0BAA6F6}.Release|Any CPU.ActiveCfg = Release|Any CPU
		{0072888C-1E73-4438-8526-7E10F0BAA6F6}.Release|Any CPU.Build.0 = Release|Any CPU
	EndGlobalSection
	GlobalSection(SolutionProperties) = preSolution
		HideSolutionNode = FALSE
	EndGlobalSection
	GlobalSection(NestedProjects) = preSolution
		{4FDF17D3-B5E7-4CC7-87C7-FC5CB40469CC} = {0AFF0640-B51C-42DB-9077-9DBA4A16F02B}
		{010ED166-95E2-4338-AF23-9D334963F934} = {198A90A2-9A88-4382-9274-06BD39C9DC6D}
		{0072888C-1E73-4438-8526-7E10F0BAA6F6} = {66334AFC-E5F0-4868-BA83-52677043C797}
	EndGlobalSection
	GlobalSection(ExtensibilityGlobals) = postSolution
		SolutionGuid = {31DA53C7-07C2-4E93-B172-E5063660A60B}
	EndGlobalSection
EndGlobal
